
Microsoft Visual Studio Solution File, Format Version 12.00
# Visual Studio Version 17
VisualStudioVersion = 17.0.32014.148
MinimumVisualStudioVersion = 10.0.40219.1
Project("{FAE04EC0-301F-11D3-BF4B-00C04F79EFBC}") = "ConsoleApp", "ConsoleApp\ConsoleApp.csproj", "{5AD2350F-CB3F-4463-8323-B2DBA85DB834}"
EndProject
Global
	GlobalSection(SolutionConfigurationPlatforms) = preSolution
		Debug|Any CPU = Debug|Any CPU
		Release|Any CPU = Release|Any CPU
	EndGlobalSection
	GlobalSection(ProjectConfigurationPlatforms) = postSolution
		{5AD2350F-CB3F-4463-8323-B2DBA85DB834}.Debug|Any CPU.ActiveCfg = Debug|Any CPU
		{5AD2350F-CB3F-4463-8323-B2DBA85DB834}.Debug|Any CPU.Build.0 = Debug|Any CPU
		{5AD2350F-CB3F-4463-8323-B2DBA85DB834}.Release|Any CPU.ActiveCfg = Release|Any CPU
		{5AD2350F-CB3F-4463-8323-B2DBA85DB834}.Release|Any CPU.Build.0 = Release|Any CPU
	EndGlobalSection
	GlobalSection(SolutionProperties) = preSolution
		HideSolutionNode = FALSE
	EndGlobalSection
	GlobalSection(ExtensibilityGlobals) = postSolution
		SolutionGuid = {54A00766-8A1C-44EE-8519-61C3F269A620}
	EndGlobalSection
EndGlobal
